// !$*UTF8*$!
{
	archiveVersion = 1;
	classes = {
	};
	objectVersion = 55;
	objects = {

/* Begin PBXBuildFile section */
		D317CBFF28EA213300388B25 /* Crypto_BoyApp.swift in Sources */ = {isa = PBXBuildFile; fileRef = D317CBFE28EA213300388B25 /* Crypto_BoyApp.swift */; };
		D317CC0128EA213300388B25 /* ContentView.swift in Sources */ = {isa = PBXBuildFile; fileRef = D317CC0028EA213300388B25 /* ContentView.swift */; };
		D317CC0328EA213300388B25 /* Assets.xcassets in Resources */ = {isa = PBXBuildFile; fileRef = D317CC0228EA213300388B25 /* Assets.xcassets */; };
		D317CC0628EA213300388B25 /* Preview Assets.xcassets in Resources */ = {isa = PBXBuildFile; fileRef = D317CC0528EA213300388B25 /* Preview Assets.xcassets */; };
		D317CC1528EA223F00388B25 /* HomeView.swift in Sources */ = {isa = PBXBuildFile; fileRef = D317CC1428EA223F00388B25 /* HomeView.swift */; };
		D317CC1728EA237800388B25 /* TopMoversView.swift in Sources */ = {isa = PBXBuildFile; fileRef = D317CC1628EA237800388B25 /* TopMoversView.swift */; };
		D317CC1928EA239200388B25 /* TopMoversItemView.swift in Sources */ = {isa = PBXBuildFile; fileRef = D317CC1828EA239200388B25 /* TopMoversItemView.swift */; };
		D317CC1B28EB504F00388B25 /* AllCoinsView.swift in Sources */ = {isa = PBXBuildFile; fileRef = D317CC1A28EB504F00388B25 /* AllCoinsView.swift */; };
		D317CC1D28EB506500388B25 /* CoinRowView.swift in Sources */ = {isa = PBXBuildFile; fileRef = D317CC1C28EB506500388B25 /* CoinRowView.swift */; };
		D3F7360F28EDF6C20040389F /* HomeViewModel.swift in Sources */ = {isa = PBXBuildFile; fileRef = D3F7360E28EDF6C20040389F /* HomeViewModel.swift */; };
/* End PBXBuildFile section */

/* Begin PBXFileReference section */
		D317CBFB28EA213300388B25 /* Crypto-Boy.app */ = {isa = PBXFileReference; explicitFileType = wrapper.application; includeInIndex = 0; path = "Crypto-Boy.app"; sourceTree = BUILT_PRODUCTS_DIR; };
		D317CBFE28EA213300388B25 /* Crypto_BoyApp.swift */ = {isa = PBXFileReference; lastKnownFileType = sourcecode.swift; path = Crypto_BoyApp.swift; sourceTree = "<group>"; };
		D317CC0028EA213300388B25 /* ContentView.swift */ = {isa = PBXFileReference; lastKnownFileType = sourcecode.swift; path = ContentView.swift; sourceTree = "<group>"; };
		D317CC0228EA213300388B25 /* Assets.xcassets */ = {isa = PBXFileReference; lastKnownFileType = folder.assetcatalog; path = Assets.xcassets; sourceTree = "<group>"; };
		D317CC0528EA213300388B25 /* Preview Assets.xcassets */ = {isa = PBXFileReference; lastKnownFileType = folder.assetcatalog; path = "Preview Assets.xcassets"; sourceTree = "<group>"; };
		D317CC1428EA223F00388B25 /* HomeView.swift */ = {isa = PBXFileReference; lastKnownFileType = sourcecode.swift; path = HomeView.swift; sourceTree = "<group>"; };
		D317CC1628EA237800388B25 /* TopMoversView.swift */ = {isa = PBXFileReference; lastKnownFileType = sourcecode.swift; path = TopMoversView.swift; sourceTree = "<group>"; };
		D317CC1828EA239200388B25 /* TopMoversItemView.swift */ = {isa = PBXFileReference; lastKnownFileType = sourcecode.swift; path = TopMoversItemView.swift; sourceTree = "<group>"; };
		D317CC1A28EB504F00388B25 /* AllCoinsView.swift */ = {isa = PBXFileReference; lastKnownFileType = sourcecode.swift; path = AllCoinsView.swift; sourceTree = "<group>"; };
		D317CC1C28EB506500388B25 /* CoinRowView.swift */ = {isa = PBXFileReference; lastKnownFileType = sourcecode.swift; path = CoinRowView.swift; sourceTree = "<group>"; };
		D3F7360E28EDF6C20040389F /* HomeViewModel.swift */ = {isa = PBXFileReference; lastKnownFileType = sourcecode.swift; path = HomeViewModel.swift; sourceTree = "<group>"; };
/* End PBXFileReference section */

/* Begin PBXFrameworksBuildPhase section */
		D317CBF828EA213300388B25 /* Frameworks */ = {
			isa = PBXFrameworksBuildPhase;
			buildActionMask = 2147483647;
			files = (
			);
			runOnlyForDeploymentPostprocessing = 0;
		};
/* End PBXFrameworksBuildPhase section */

/* Begin PBXGroup section */
		D317CBF228EA213300388B25 = {
			isa = PBXGroup;
			children = (
				D317CBFD28EA213300388B25 /* Crypto-Boy */,
				D317CBFC28EA213300388B25 /* Products */,
			);
			sourceTree = "<group>";
		};
		D317CBFC28EA213300388B25 /* Products */ = {
			isa = PBXGroup;
			children = (
				D317CBFB28EA213300388B25 /* Crypto-Boy.app */,
			);
			name = Products;
			sourceTree = "<group>";
		};
		D317CBFD28EA213300388B25 /* Crypto-Boy */ = {
			isa = PBXGroup;
			children = (
				D317CBFE28EA213300388B25 /* Crypto_BoyApp.swift */,
				D317CC0028EA213300388B25 /* ContentView.swift */,
				D317CC1128EA21F100388B25 /* App */,
				D317CC1028EA21D600388B25 /* Core */,
				D317CC0D28EA21AA00388B25 /* Extensions */,
				D317CC0E28EA21B000388B25 /* Models */,
				D317CC0C28EA21A500388B25 /* Utilites */,
				D317CC0228EA213300388B25 /* Assets.xcassets */,
				D317CC0428EA213300388B25 /* Preview Content */,
			);
			path = "Crypto-Boy";
			sourceTree = "<group>";
		};
		D317CC0428EA213300388B25 /* Preview Content */ = {
			isa = PBXGroup;
			children = (
				D317CC0528EA213300388B25 /* Preview Assets.xcassets */,
			);
			path = "Preview Content";
			sourceTree = "<group>";
		};
		D317CC0C28EA21A500388B25 /* Utilites */ = {
			isa = PBXGroup;
			children = (
			);
			path = Utilites;
			sourceTree = "<group>";
		};
		D317CC0D28EA21AA00388B25 /* Extensions */ = {
			isa = PBXGroup;
			children = (
			);
			path = Extensions;
			sourceTree = "<group>";
		};
		D317CC0E28EA21B000388B25 /* Models */ = {
			isa = PBXGroup;
			children = (
			);
			path = Models;
			sourceTree = "<group>";
		};
		D317CC0F28EA21B500388B25 /* Home */ = {
			isa = PBXGroup;
			children = (
				D317CC1328EA222200388B25 /* ViewModels */,
				D317CC1228EA221A00388B25 /* Views */,
			);
			path = Home;
			sourceTree = "<group>";
		};
		D317CC1028EA21D600388B25 /* Core */ = {
			isa = PBXGroup;
			children = (
				D317CC0F28EA21B500388B25 /* Home */,
			);
			path = Core;
			sourceTree = "<group>";
		};
		D317CC1128EA21F100388B25 /* App */ = {
			isa = PBXGroup;
			children = (
			);
			path = App;
			sourceTree = "<group>";
		};
		D317CC1228EA221A00388B25 /* Views */ = {
			isa = PBXGroup;
			children = (
				D317CC1428EA223F00388B25 /* HomeView.swift */,
				D317CC1A28EB504F00388B25 /* AllCoinsView.swift */,
				D317CC1C28EB506500388B25 /* CoinRowView.swift */,
				D317CC1628EA237800388B25 /* TopMoversView.swift */,
				D317CC1828EA239200388B25 /* TopMoversItemView.swift */,
			);
			path = Views;
			sourceTree = "<group>";
		};
		D317CC1328EA222200388B25 /* ViewModels */ = {
			isa = PBXGroup;
			children = (
				D3F7360E28EDF6C20040389F /* HomeViewModel.swift */,
			);
			path = ViewModels;
			sourceTree = "<group>";
		};
/* End PBXGroup section */

/* Begin PBXNativeTarget section */
		D317CBFA28EA213300388B25 /* Crypto-Boy */ = {
			isa = PBXNativeTarget;
			buildConfigurationList = D317CC0928EA213300388B25 /* Build configuration list for PBXNativeTarget "Crypto-Boy" */;
			buildPhases = (
				D317CBF728EA213300388B25 /* Sources */,
				D317CBF828EA213300388B25 /* Frameworks */,
				D317CBF928EA213300388B25 /* Resources */,
			);
			buildRules = (
			);
			dependencies = (
			);
			name = "Crypto-Boy";
			productName = "Crypto-Boy";
			productReference = D317CBFB28EA213300388B25 /* Crypto-Boy.app */;
			productType = "com.apple.product-type.application";
		};
/* End PBXNativeTarget section */

/* Begin PBXProject section */
		D317CBF328EA213300388B25 /* Project object */ = {
			isa = PBXProject;
			attributes = {
				BuildIndependentTargetsInParallel = 1;
				LastSwiftUpdateCheck = 1340;
				LastUpgradeCheck = 1340;
				TargetAttributes = {
					D317CBFA28EA213300388B25 = {
						CreatedOnToolsVersion = 13.4.1;
					};
				};
			};
			buildConfigurationList = D317CBF628EA213300388B25 /* Build configuration list for PBXProject "Crypto-Boy" */;
			compatibilityVersion = "Xcode 13.0";
			developmentRegion = en;
			hasScannedForEncodings = 0;
			knownRegions = (
				en,
				Base,
			);
			mainGroup = D317CBF228EA213300388B25;
			productRefGroup = D317CBFC28EA213300388B25 /* Products */;
			projectDirPath = "";
			projectRoot = "";
			targets = (
				D317CBFA28EA213300388B25 /* Crypto-Boy */,
			);
		};
/* End PBXProject section */

/* Begin PBXResourcesBuildPhase section */
		D317CBF928EA213300388B25 /* Resources */ = {
			isa = PBXResourcesBuildPhase;
			buildActionMask = 2147483647;
			files = (
				D317CC0628EA213300388B25 /* Preview Assets.xcassets in Resources */,
				D317CC0328EA213300388B25 /* Assets.xcassets in Resources */,
			);
			runOnlyForDeploymentPostprocessing = 0;
		};
/* End PBXResourcesBuildPhase section */

/* Begin PBXSourcesBuildPhase section */
		D317CBF728EA213300388B25 /* Sources */ = {
			isa = PBXSourcesBuildPhase;
			buildActionMask = 2147483647;
			files = (
				D317CC1728EA237800388B25 /* TopMoversView.swift in Sources */,
				D317CC1B28EB504F00388B25 /* AllCoinsView.swift in Sources */,
				D317CC1528EA223F00388B25 /* HomeView.swift in Sources */,
				D3F7360F28EDF6C20040389F /* HomeViewModel.swift in Sources */,
				D317CC0128EA213300388B25 /* ContentView.swift in Sources */,
				D317CBFF28EA213300388B25 /* Crypto_BoyApp.swift in Sources */,
				D317CC1D28EB506500388B25 /* CoinRowView.swift in Sources */,
				D317CC1928EA239200388B25 /* TopMoversItemView.swift in Sources */,
			);
			runOnlyForDeploymentPostprocessing = 0;
		};
/* End PBXSourcesBuildPhase section */

/* Begin XCBuildConfiguration section */
		D317CC0728EA213300388B25 /* Debug */ = {
			isa = XCBuildConfiguration;
			buildSettings = {
				ALWAYS_SEARCH_USER_PATHS = NO;
				CLANG_ANALYZER_NONNULL = YES;
				CLANG_ANALYZER_NUMBER_OBJECT_CONVERSION = YES_AGGRESSIVE;
				CLANG_CXX_LANGUAGE_STANDARD = "gnu++17";
				CLANG_ENABLE_MODULES = YES;
				CLANG_ENABLE_OBJC_ARC = YES;
				CLANG_ENABLE_OBJC_WEAK = YES;
				CLANG_WARN_BLOCK_CAPTURE_AUTORELEASING = YES;
				CLANG_WARN_BOOL_CONVERSION = YES;
				CLANG_WARN_COMMA = YES;
				CLANG_WARN_CONSTANT_CONVERSION = YES;
				CLANG_WARN_DEPRECATED_OBJC_IMPLEMENTATIONS = YES;
				CLANG_WARN_DIRECT_OBJC_ISA_USAGE = YES_ERROR;
				CLANG_WARN_DOCUMENTATION_COMMENTS = YES;
				CLANG_WARN_EMPTY_BODY = YES;
				CLANG_WARN_ENUM_CONVERSION = YES;
				CLANG_WARN_INFINITE_RECURSION = YES;
				CLANG_WARN_INT_CONVERSION = YES;
				CLANG_WARN_NON_LITERAL_NULL_CONVERSION = YES;
				CLANG_WARN_OBJC_IMPLICIT_RETAIN_SELF = YES;
				CLANG_WARN_OBJC_LITERAL_CONVERSION = YES;
				CLANG_WARN_OBJC_ROOT_CLASS = YES_ERROR;
				CLANG_WARN_QUOTED_INCLUDE_IN_FRAMEWORK_HEADER = YES;
				CLANG_WARN_RANGE_LOOP_ANALYSIS = YES;
				CLANG_WARN_STRICT_PROTOTYPES = YES;
				CLANG_WARN_SUSPICIOUS_MOVE = YES;
				CLANG_WARN_UNGUARDED_AVAILABILITY = YES_AGGRESSIVE;
				CLANG_WARN_UNREACHABLE_CODE = YES;
				CLANG_WARN__DUPLICATE_METHOD_MATCH = YES;
				COPY_PHASE_STRIP = NO;
				DEBUG_INFORMATION_FORMAT = dwarf;
				ENABLE_STRICT_OBJC_MSGSEND = YES;
				ENABLE_TESTABILITY = YES;
				GCC_C_LANGUAGE_STANDARD = gnu11;
				GCC_DYNAMIC_NO_PIC = NO;
				GCC_NO_COMMON_BLOCKS = YES;
				GCC_OPTIMIZATION_LEVEL = 0;
				GCC_PREPROCESSOR_DEFINITIONS = (
					"DEBUG=1",
					"$(inherited)",
				);
				GCC_WARN_64_TO_32_BIT_CONVERSION = YES;
				GCC_WARN_ABOUT_RETURN_TYPE = YES_ERROR;
				GCC_WARN_UNDECLARED_SELECTOR = YES;
				GCC_WARN_UNINITIALIZED_AUTOS = YES_AGGRESSIVE;
				GCC_WARN_UNUSED_FUNCTION = YES;
				GCC_WARN_UNUSED_VARIABLE = YES;
				IPHONEOS_DEPLOYMENT_TARGET = 15.5;
				MTL_ENABLE_DEBUG_INFO = INCLUDE_SOURCE;
				MTL_FAST_MATH = YES;
				ONLY_ACTIVE_ARCH = YES;
				SDKROOT = iphoneos;
				SWIFT_ACTIVE_COMPILATION_CONDITIONS = DEBUG;
				SWIFT_OPTIMIZATION_LEVEL = "-Onone";
			};
			name = Debug;
		};
		D317CC0828EA213300388B25 /* Release */ = {
			isa = XCBuildConfiguration;
			buildSettings = {
				ALWAYS_SEARCH_USER_PATHS = NO;
				CLANG_ANALYZER_NONNULL = YES;
				CLANG_ANALYZER_NUMBER_OBJECT_CONVERSION = YES_AGGRESSIVE;
				CLANG_CXX_LANGUAGE_STANDARD = "gnu++17";
				CLANG_ENABLE_MODULES = YES;
				CLANG_ENABLE_OBJC_ARC = YES;
				CLANG_ENABLE_OBJC_WEAK = YES;
				CLANG_WARN_BLOCK_CAPTURE_AUTORELEASING = YES;
				CLANG_WARN_BOOL_CONVERSION = YES;
				CLANG_WARN_COMMA = YES;
				CLANG_WARN_CONSTANT_CONVERSION = YES;
				CLANG_WARN_DEPRECATED_OBJC_IMPLEMENTATIONS = YES;
				CLANG_WARN_DIRECT_OBJC_ISA_USAGE = YES_ERROR;
				CLANG_WARN_DOCUMENTATION_COMMENTS = YES;
				CLANG_WARN_EMPTY_BODY = YES;
				CLANG_WARN_ENUM_CONVERSION = YES;
				CLANG_WARN_INFINITE_RECURSION = YES;
				CLANG_WARN_INT_CONVERSION = YES;
				CLANG_WARN_NON_LITERAL_NULL_CONVERSION = YES;
				CLANG_WARN_OBJC_IMPLICIT_RETAIN_SELF = YES;
				CLANG_WARN_OBJC_LITERAL_CONVERSION = YES;
				CLANG_WARN_OBJC_ROOT_CLASS = YES_ERROR;
				CLANG_WARN_QUOTED_INCLUDE_IN_FRAMEWORK_HEADER = YES;
				CLANG_WARN_RANGE_LOOP_ANALYSIS = YES;
				CLANG_WARN_STRICT_PROTOTYPES = YES;
				CLANG_WARN_SUSPICIOUS_MOVE = YES;
				CLANG_WARN_UNGUARDED_AVAILABILITY = YES_AGGRESSIVE;
				CLANG_WARN_UNREACHABLE_CODE = YES;
				CLANG_WARN__DUPLICATE_METHOD_MATCH = YES;
				COPY_PHASE_STRIP = NO;
				DEBUG_INFORMATION_FORMAT = "dwarf-with-dsym";
				ENABLE_NS_ASSERTIONS = NO;
				ENABLE_STRICT_OBJC_MSGSEND = YES;
				GCC_C_LANGUAGE_STANDARD = gnu11;
				GCC_NO_COMMON_BLOCKS = YES;
				GCC_WARN_64_TO_32_BIT_CONVERSION = YES;
				GCC_WARN_ABOUT_RETURN_TYPE = YES_ERROR;
				GCC_WARN_UNDECLARED_SELECTOR = YES;
				GCC_WARN_UNINITIALIZED_AUTOS = YES_AGGRESSIVE;
				GCC_WARN_UNUSED_FUNCTION = YES;
				GCC_WARN_UNUSED_VARIABLE = YES;
				IPHONEOS_DEPLOYMENT_TARGET = 15.5;
				MTL_ENABLE_DEBUG_INFO = NO;
				MTL_FAST_MATH = YES;
				SDKROOT = iphoneos;
				SWIFT_COMPILATION_MODE = wholemodule;
				SWIFT_OPTIMIZATION_LEVEL = "-O";
				VALIDATE_PRODUCT = YES;
			};
			name = Release;
		};
		D317CC0A28EA213300388B25 /* Debug */ = {
			isa = XCBuildConfiguration;
			buildSettings = {
				ASSETCATALOG_COMPILER_APPICON_NAME = AppIcon;
				ASSETCATALOG_COMPILER_GLOBAL_ACCENT_COLOR_NAME = AccentColor;
				CODE_SIGN_STYLE = Automatic;
				CURRENT_PROJECT_VERSION = 1;
				DEVELOPMENT_ASSET_PATHS = "\"Crypto-Boy/Preview Content\"";
				DEVELOPMENT_TEAM = 95S4N2TWZ7;
				ENABLE_PREVIEWS = YES;
				GENERATE_INFOPLIST_FILE = YES;
				INFOPLIST_KEY_UIApplicationSceneManifest_Generation = YES;
				INFOPLIST_KEY_UIApplicationSupportsIndirectInputEvents = YES;
				INFOPLIST_KEY_UILaunchScreen_Generation = YES;
				INFOPLIST_KEY_UISupportedInterfaceOrientations_iPad = "UIInterfaceOrientationPortrait UIInterfaceOrientationPortraitUpsideDown UIInterfaceOrientationLandscapeLeft UIInterfaceOrientationLandscapeRight";
				INFOPLIST_KEY_UISupportedInterfaceOrientations_iPhone = "UIInterfaceOrientationPortrait UIInterfaceOrientationLandscapeLeft UIInterfaceOrientationLandscapeRight";
				LD_RUNPATH_SEARCH_PATHS = (
					"$(inherited)",
					"@executable_path/Frameworks",
				);
				MARKETING_VERSION = 1.0;
				PRODUCT_BUNDLE_IDENTIFIER = "com.abylay.Crypto-Boy";
				PRODUCT_NAME = "$(TARGET_NAME)";
				SWIFT_EMIT_LOC_STRINGS = YES;
				SWIFT_VERSION = 5.0;
				TARGETED_DEVICE_FAMILY = "1,2";
			};
			name = Debug;
		};
		D317CC0B28EA213300388B25 /* Release */ = {
			isa = XCBuildConfiguration;
			buildSettings = {
				ASSETCATALOG_COMPILER_APPICON_NAME = AppIcon;
				ASSETCATALOG_COMPILER_GLOBAL_ACCENT_COLOR_NAME = AccentColor;
				CODE_SIGN_STYLE = Automatic;
				CURRENT_PROJECT_VERSION = 1;
				DEVELOPMENT_ASSET_PATHS = "\"Crypto-Boy/Preview Content\"";
				DEVELOPMENT_TEAM = 95S4N2TWZ7;
				ENABLE_PREVIEWS = YES;
				GENERATE_INFOPLIST_FILE = YES;
				INFOPLIST_KEY_UIApplicationSceneManifest_Generation = YES;
				INFOPLIST_KEY_UIApplicationSupportsIndirectInputEvents = YES;
				INFOPLIST_KEY_UILaunchScreen_Generation = YES;
				INFOPLIST_KEY_UISupportedInterfaceOrientations_iPad = "UIInterfaceOrientationPortrait UIInterfaceOrientationPortraitUpsideDown UIInterfaceOrientationLandscapeLeft UIInterfaceOrientationLandscapeRight";
				INFOPLIST_KEY_UISupportedInterfaceOrientations_iPhone = "UIInterfaceOrientationPortrait UIInterfaceOrientationLandscapeLeft UIInterfaceOrientationLandscapeRight";
				LD_RUNPATH_SEARCH_PATHS = (
					"$(inherited)",
					"@executable_path/Frameworks",
				);
				MARKETING_VERSION = 1.0;
				PRODUCT_BUNDLE_IDENTIFIER = "com.abylay.Crypto-Boy";
				PRODUCT_NAME = "$(TARGET_NAME)";
				SWIFT_EMIT_LOC_STRINGS = YES;
				SWIFT_VERSION = 5.0;
				TARGETED_DEVICE_FAMILY = "1,2";
			};
			name = Release;
		};
/* End XCBuildConfiguration section */

/* Begin XCConfigurationList section */
		D317CBF628EA213300388B25 /* Build configuration list for PBXProject "Crypto-Boy" */ = {
			isa = XCConfigurationList;
			buildConfigurations = (
				D317CC0728EA213300388B25 /* Debug */,
				D317CC0828EA213300388B25 /* Release */,
			);
			defaultConfigurationIsVisible = 0;
			defaultConfigurationName = Release;
		};
		D317CC0928EA213300388B25 /* Build configuration list for PBXNativeTarget "Crypto-Boy" */ = {
			isa = XCConfigurationList;
			buildConfigurations = (
				D317CC0A28EA213300388B25 /* Debug */,
				D317CC0B28EA213300388B25 /* Release */,
			);
			defaultConfigurationIsVisible = 0;
			defaultConfigurationName = Release;
		};
/* End XCConfigurationList section */
	};
	rootObject = D317CBF328EA213300388B25 /* Project object */;
}
